
Microsoft Visual Studio Solution File, Format Version 12.00
# Visual Studio Version 17
VisualStudioVersion = 17.2.32630.192
MinimumVisualStudioVersion = 10.0.40219.1
Project("{FAE04EC0-301F-11D3-BF4B-00C04F79EFBC}") = "LanchesStore", "LanchesStore\LanchesStore.csproj", "{82D63F94-85D3-4739-9AC7-1A36DE77F6F6}"
EndProject
Global
	GlobalSection(SolutionConfigurationPlatforms) = preSolution
		Debug|Any CPU = Debug|Any CPU
		Release|Any CPU = Release|Any CPU
	EndGlobalSection
	GlobalSection(ProjectConfigurationPlatforms) = postSolution
		{82D63F94-85D3-4739-9AC7-1A36DE77F6F6}.Debug|Any CPU.ActiveCfg = Debug|Any CPU
		{82D63F94-85D3-4739-9AC7-1A36DE77F6F6}.Debug|Any CPU.Build.0 = Debug|Any CPU
		{82D63F94-85D3-4739-9AC7-1A36DE77F6F6}.Release|Any CPU.ActiveCfg = Release|Any CPU
		{82D63F94-85D3-4739-9AC7-1A36DE77F6F6}.Release|Any CPU.Build.0 = Release|Any CPU
	EndGlobalSection
	GlobalSection(SolutionProperties) = preSolution
		HideSolutionNode = FALSE
	EndGlobalSection
	GlobalSection(ExtensibilityGlobals) = postSolution
		SolutionGuid = {45B5C548-A0B0-41FA-A1D9-9D960741939B}
	EndGlobalSection
EndGlobal
